
Microsoft Visual Studio Solution File, Format Version 12.00
# Visual Studio Version 17
VisualStudioVersion = 17.7.34024.191
MinimumVisualStudioVersion = 10.0.40219.1
Project("{FAE04EC0-301F-11D3-BF4B-00C04F79EFBC}") = "netclientinterface", "netclientinterface\netclientinterface.csproj", "{97BC2C4E-ECB1-47DE-B2F9-892C0C221C00}"
EndProject
Global
	GlobalSection(SolutionConfigurationPlatforms) = preSolution
		Debug|Any CPU = Debug|Any CPU
		Release|Any CPU = Release|Any CPU
	EndGlobalSection
	GlobalSection(ProjectConfigurationPlatforms) = postSolution
		{97BC2C4E-ECB1-47DE-B2F9-892C0C221C00}.Debug|Any CPU.ActiveCfg = Debug|Any CPU
		{97BC2C4E-ECB1-47DE-B2F9-892C0C221C00}.Debug|Any CPU.Build.0 = Debug|Any CPU
		{97BC2C4E-ECB1-47DE-B2F9-892C0C221C00}.Release|Any CPU.ActiveCfg = Release|Any CPU
		{97BC2C4E-ECB1-47DE-B2F9-892C0C221C00}.Release|Any CPU.Build.0 = Release|Any CPU
	EndGlobalSection
	GlobalSection(SolutionProperties) = preSolution
		HideSolutionNode = FALSE
	EndGlobalSection
	GlobalSection(ExtensibilityGlobals) = postSolution
		SolutionGuid = {3F24733D-3A05-4FA6-9617-BFF43E414422}
	EndGlobalSection
EndGlobal
